# This file was autogenerated by uv via the following command:
#    uv pip compile requirements.txt -o requirements.lock
mypy==1.13.0
    # via -r requirements.txt
mypy-extensions==1.0.0
    # via mypy
nodeenv==1.9.1
    # via pyright
pip==24.3.1
    # via -r requirements.txt
pyright==1.1.389
    # via -r requirements.txt
ruff==0.8.0
    # via -r requirements.txt
typing-extensions==4.12.2
    # via
    #   mypy
    #   pyright
uv==0.5.4
    # via -r requirements.txt
