# This file was autogenerated by uv via the following command:
#    uv pip compile requirements.txt -o requirements.lock
absl-py==2.1.0
    # via tensorboard
annotated-types==0.7.0
    # via pydantic
attrs==24.2.0
    # via visions
autopytorch==0.1.1
    # via -r requirements.txt
catboost==1.2.5
    # via autopytorch
certifi==2024.8.30
    # via requests
charset-normalizer==3.4.0
    # via requests
click==8.1.7
    # via
    #   dask
    #   distributed
cloudpickle==3.1.0
    # via
    #   dask
    #   distributed
configspace==0.4.21
    # via
    #   autopytorch
    #   smac
contourpy==1.3.1
    # via matplotlib
cycler==0.12.1
    # via matplotlib
cython==3.0.11
    # via configspace
dacite==1.8.1
    # via ydata-profiling
dask==2024.11.2
    # via
    #   autopytorch
    #   distributed
    #   smac
distributed==2024.11.2
    # via
    #   autopytorch
    #   smac
filelock==3.16.1
    # via torch
flaky==3.8.1
    # via autopytorch
fonttools==4.55.0
    # via matplotlib
fsspec==2024.10.0
    # via
    #   dask
    #   torch
graphviz==0.20.3
    # via catboost
grpcio==1.68.0
    # via tensorboard
htmlmin==0.1.12
    # via ydata-profiling
idna==3.10
    # via requests
imagehash==4.3.1
    # via
    #   visions
    #   ydata-profiling
imageio==2.36.1
    # via
    #   imgaug
    #   scikit-image
imgaug==0.4.0
    # via autopytorch
jinja2==3.1.4
    # via
    #   distributed
    #   torch
    #   ydata-profiling
joblib==1.4.2
    # via
    #   phik
    #   scikit-learn
    #   smac
kiwisolver==1.4.7
    # via matplotlib
lazy-loader==0.4
    # via scikit-image
lightgbm==4.5.0
    # via autopytorch
llvmlite==0.43.0
    # via numba
locket==1.0.0
    # via
    #   distributed
    #   partd
lockfile==0.12.2
    # via autopytorch
markdown==3.7
    # via tensorboard
markupsafe==3.0.2
    # via
    #   jinja2
    #   werkzeug
matplotlib==3.9.2
    # via
    #   catboost
    #   imgaug
    #   phik
    #   seaborn
    #   wordcloud
    #   ydata-profiling
mpmath==1.3.0
    # via sympy
msgpack==1.1.0
    # via distributed
multimethod==1.12
    # via
    #   visions
    #   ydata-profiling
networkx==3.4.2
    # via
    #   scikit-image
    #   torch
    #   visions
numba==0.60.0
    # via ydata-profiling
numpy==2.0.2
    # via
    #   autopytorch
    #   catboost
    #   configspace
    #   contourpy
    #   imagehash
    #   imageio
    #   imgaug
    #   lightgbm
    #   matplotlib
    #   numba
    #   opencv-python
    #   pandas
    #   patsy
    #   phik
    #   pywavelets
    #   scikit-image
    #   scikit-learn
    #   scipy
    #   seaborn
    #   shapely
    #   smac
    #   statsmodels
    #   tensorboard
    #   tifffile
    #   torchvision
    #   visions
    #   wordcloud
    #   ydata-profiling
opencv-python==4.10.0.84
    # via imgaug
packaging==24.2
    # via
    #   dask
    #   distributed
    #   lazy-loader
    #   matplotlib
    #   plotly
    #   scikit-image
    #   statsmodels
    #   tensorboard
pandas==2.2.3
    # via
    #   autopytorch
    #   catboost
    #   phik
    #   seaborn
    #   statsmodels
    #   visions
    #   ydata-profiling
partd==1.4.2
    # via dask
patsy==1.0.1
    # via statsmodels
phik==0.12.4
    # via ydata-profiling
pillow==11.0.0
    # via
    #   imagehash
    #   imageio
    #   imgaug
    #   matplotlib
    #   scikit-image
    #   torchvision
    #   visions
    #   wordcloud
plotly==5.24.1
    # via catboost
protobuf==5.29.0
    # via tensorboard
psutil==6.1.0
    # via
    #   distributed
    #   pynisher
    #   smac
pydantic==2.10.2
    # via ydata-profiling
pydantic-core==2.27.1
    # via pydantic
pynisher==1.0.10
    # via
    #   autopytorch
    #   smac
pyparsing==3.2.0
    # via
    #   configspace
    #   matplotlib
pyrfr==0.8.3
    # via
    #   autopytorch
    #   smac
python-dateutil==2.9.0.post0
    # via
    #   matplotlib
    #   pandas
pytz==2024.2
    # via pandas
pywavelets==1.7.0
    # via imagehash
pyyaml==6.0.2
    # via
    #   dask
    #   distributed
    #   ydata-profiling
requests==2.32.3
    # via ydata-profiling
scikit-image==0.24.0
    # via imgaug
scikit-learn==0.24.2
    # via
    #   autopytorch
    #   smac
scipy==1.13.1
    # via
    #   autopytorch
    #   catboost
    #   configspace
    #   imagehash
    #   imgaug
    #   lightgbm
    #   phik
    #   scikit-image
    #   scikit-learn
    #   smac
    #   statsmodels
    #   ydata-profiling
seaborn==0.13.2
    # via ydata-profiling
setuptools==75.6.0
    # via
    #   -r requirements.txt
    #   tensorboard
shapely==2.0.6
    # via imgaug
six==1.16.0
    # via
    #   catboost
    #   imgaug
    #   python-dateutil
    #   tensorboard
smac==0.14.0
    # via autopytorch
sortedcontainers==2.4.0
    # via distributed
statsmodels==0.14.4
    # via ydata-profiling
sympy==1.13.3
    # via torch
tabulate==0.9.0
    # via autopytorch
tblib==3.0.0
    # via distributed
tenacity==9.0.0
    # via plotly
tensorboard==2.18.0
    # via autopytorch
tensorboard-data-server==0.7.2
    # via tensorboard
threadpoolctl==3.5.0
    # via scikit-learn
tifffile==2024.9.20
    # via scikit-image
toolz==1.0.0
    # via
    #   dask
    #   distributed
    #   partd
torch==2.2.2
    # via
    #   autopytorch
    #   torchvision
torchvision==0.17.2
    # via autopytorch
tornado==6.4.2
    # via distributed
tqdm==4.67.1
    # via ydata-profiling
typeguard==4.4.1
    # via ydata-profiling
typing-extensions==4.12.2
    # via
    #   pydantic
    #   pydantic-core
    #   pynisher
    #   torch
    #   typeguard
tzdata==2024.2
    # via pandas
urllib3==2.2.3
    # via
    #   distributed
    #   requests
visions==0.7.6
    # via ydata-profiling
werkzeug==3.1.3
    # via tensorboard
wordcloud==1.9.4
    # via ydata-profiling
ydata-profiling==4.12.0
    # via -r requirements.txt
zict==3.0.0
    # via distributed
